
Microsoft Visual Studio Solution File, Format Version 12.00
# Visual Studio Version 17
VisualStudioVersion = 17.3.32825.248
MinimumVisualStudioVersion = 10.0.40219.1
Project("{FAE04EC0-301F-11D3-BF4B-00C04F79EFBC}") = "finalProject_cardGame", "finalProject_cardGame\finalProject_cardGame.csproj", "{6A238A54-3343-499D-8EE6-2A1FEABCAED2}"
EndProject
Project("{FAE04EC0-301F-11D3-BF4B-00C04F79EFBC}") = "DLL", "DLL\DLL.csproj", "{BCC77F65-ABAF-4686-A604-5452E175A970}"
EndProject
Global
	GlobalSection(SolutionConfigurationPlatforms) = preSolution
		Debug|Any CPU = Debug|Any CPU
		Release|Any CPU = Release|Any CPU
	EndGlobalSection
	GlobalSection(ProjectConfigurationPlatforms) = postSolution
		{6A238A54-3343-499D-8EE6-2A1FEABCAED2}.Debug|Any CPU.ActiveCfg = Debug|Any CPU
		{6A238A54-3343-499D-8EE6-2A1FEABCAED2}.Debug|Any CPU.Build.0 = Debug|Any CPU
		{6A238A54-3343-499D-8EE6-2A1FEABCAED2}.Release|Any CPU.ActiveCfg = Release|Any CPU
		{6A238A54-3343-499D-8EE6-2A1FEABCAED2}.Release|Any CPU.Build.0 = Release|Any CPU
		{BCC77F65-ABAF-4686-A604-5452E175A970}.Debug|Any CPU.ActiveCfg = Debug|Any CPU
		{BCC77F65-ABAF-4686-A604-5452E175A970}.Debug|Any CPU.Build.0 = Debug|Any CPU
		{BCC77F65-ABAF-4686-A604-5452E175A970}.Release|Any CPU.ActiveCfg = Release|Any CPU
		{BCC77F65-ABAF-4686-A604-5452E175A970}.Release|Any CPU.Build.0 = Release|Any CPU
	EndGlobalSection
	GlobalSection(SolutionProperties) = preSolution
		HideSolutionNode = FALSE
	EndGlobalSection
	GlobalSection(ExtensibilityGlobals) = postSolution
		SolutionGuid = {297D3BF9-AEA2-4042-8354-4D18F80E6448}
	EndGlobalSection
EndGlobal
